
Microsoft Visual Studio Solution File, Format Version 12.00
# Visual Studio Version 16
VisualStudioVersion = 16.0.31025.194
MinimumVisualStudioVersion = 10.0.40219.1
Project("{FAE04EC0-301F-11D3-BF4B-00C04F79EFBC}") = "QuanLyQuanCafe", "QuanLyQuanCafe\QuanLyQuanCafe.csproj", "{AD933B05-9B01-4D2A-9BB0-99FAA3AE15D5}"
EndProject
Global
	GlobalSection(SolutionConfigurationPlatforms) = preSolution
		Debug|Any CPU = Debug|Any CPU
		Release|Any CPU = Release|Any CPU
	EndGlobalSection
	GlobalSection(ProjectConfigurationPlatforms) = postSolution
		{AD933B05-9B01-4D2A-9BB0-99FAA3AE15D5}.Debug|Any CPU.ActiveCfg = Debug|Any CPU
		{AD933B05-9B01-4D2A-9BB0-99FAA3AE15D5}.Debug|Any CPU.Build.0 = Debug|Any CPU
		{AD933B05-9B01-4D2A-9BB0-99FAA3AE15D5}.Release|Any CPU.ActiveCfg = Release|Any CPU
		{AD933B05-9B01-4D2A-9BB0-99FAA3AE15D5}.Release|Any CPU.Build.0 = Release|Any CPU
	EndGlobalSection
	GlobalSection(SolutionProperties) = preSolution
		HideSolutionNode = FALSE
	EndGlobalSection
	GlobalSection(ExtensibilityGlobals) = postSolution
		SolutionGuid = {189DE708-A151-4F37-B1BD-7CC6276C9C5B}
	EndGlobalSection
EndGlobal
